
Microsoft Visual Studio Solution File, Format Version 12.00
# Visual Studio Version 16
VisualStudioVersion = 16.0.32002.261
MinimumVisualStudioVersion = 10.0.40219.1
Project("{9A19103F-16F7-4668-BE54-9A1E7A4F7556}") = "HMS", "HMS\HMS.csproj", "{0F6D5CA4-0411-452E-A4A3-9C1E78D2D133}"
EndProject
Project("{FAE04EC0-301F-11D3-BF4B-00C04F79EFBC}") = "HMS.Data", "HMS.Data\HMS.Data.csproj", "{31D467BF-583D-4CAB-BCC6-D436CDE0F59E}"
EndProject
Global
	GlobalSection(SolutionConfigurationPlatforms) = preSolution
		Debug|Any CPU = Debug|Any CPU
		Release|Any CPU = Release|Any CPU
	EndGlobalSection
	GlobalSection(ProjectConfigurationPlatforms) = postSolution
		{0F6D5CA4-0411-452E-A4A3-9C1E78D2D133}.Debug|Any CPU.ActiveCfg = Debug|Any CPU
		{0F6D5CA4-0411-452E-A4A3-9C1E78D2D133}.Debug|Any CPU.Build.0 = Debug|Any CPU
		{0F6D5CA4-0411-452E-A4A3-9C1E78D2D133}.Release|Any CPU.ActiveCfg = Release|Any CPU
		{0F6D5CA4-0411-452E-A4A3-9C1E78D2D133}.Release|Any CPU.Build.0 = Release|Any CPU
		{31D467BF-583D-4CAB-BCC6-D436CDE0F59E}.Debug|Any CPU.ActiveCfg = Debug|Any CPU
		{31D467BF-583D-4CAB-BCC6-D436CDE0F59E}.Debug|Any CPU.Build.0 = Debug|Any CPU
		{31D467BF-583D-4CAB-BCC6-D436CDE0F59E}.Release|Any CPU.ActiveCfg = Release|Any CPU
		{31D467BF-583D-4CAB-BCC6-D436CDE0F59E}.Release|Any CPU.Build.0 = Release|Any CPU
	EndGlobalSection
	GlobalSection(SolutionProperties) = preSolution
		HideSolutionNode = FALSE
	EndGlobalSection
	GlobalSection(ExtensibilityGlobals) = postSolution
		SolutionGuid = {2466196B-2D3E-4EEA-B0F4-187DDCB6C741}
	EndGlobalSection
EndGlobal
